{
  "lockfileVersion": 1,
  "configVersion": 1,
  "workspaces": {
    "": {
      "dependencies": {
        "clsx": "^2.1.1",
        "html-to-image": "^1.11.13",
        "tailwind-merge": "^3.6.0",
      },
    },
  },
  "packages": {
    "clsx": ["clsx@2.1.1", "", {}, "sha512-eYm0QWBtUrBWZWG0d386OGAw16Z995PiOVo2B7bjWSbHedGl5e0ZWaq65kOGgUSNesEIDkB9ISbTg/JK9dhCZA=="],

    "html-to-image": ["html-to-image@1.11.13", "", {}, "sha512-cuOPoI7WApyhBElTTb9oqsawRvZ0rHhaHwghRLlTuffoD1B2aDemlCruLeZrUIIdvG7gs9xeELEPm6PhuASqrg=="],

    "tailwind-merge": ["tailwind-merge@3.6.0", "", {}, "sha512-uxL7qAVQriqRQPAyK3pj66VqskWqoZ37PW94jwOTwNfq/z9oyu1V+eqrZqtR2+fCiXdYOZe/Modt8GtvqNzu+w=="],
  }
}
